
Microsoft Visual Studio Solution File, Format Version 12.00
# Visual Studio Version 17
VisualStudioVersion = 17.5.33627.172
MinimumVisualStudioVersion = 10.0.40219.1
Project("{8BC9CEB8-8B4A-11D0-8D11-00A0C91BC942}") = "B-Shift-only", "B-Shift-only\B-Shift-only.vcxproj", "{1D057645-3D28-45E2-906A-E6DC4F1582FF}"
EndProject
Global
	GlobalSection(SolutionConfigurationPlatforms) = preSolution
		Debug|x64 = Debug|x64
		Debug|x86 = Debug|x86
		Release|x64 = Release|x64
		Release|x86 = Release|x86
	EndGlobalSection
	GlobalSection(ProjectConfigurationPlatforms) = postSolution
		{1D057645-3D28-45E2-906A-E6DC4F1582FF}.Debug|x64.ActiveCfg = Debug|x64
		{1D057645-3D28-45E2-906A-E6DC4F1582FF}.Debug|x64.Build.0 = Debug|x64
		{1D057645-3D28-45E2-906A-E6DC4F1582FF}.Debug|x86.ActiveCfg = Debug|Win32
		{1D057645-3D28-45E2-906A-E6DC4F1582FF}.Debug|x86.Build.0 = Debug|Win32
		{1D057645-3D28-45E2-906A-E6DC4F1582FF}.Release|x64.ActiveCfg = Release|x64
		{1D057645-3D28-45E2-906A-E6DC4F1582FF}.Release|x64.Build.0 = Release|x64
		{1D057645-3D28-45E2-906A-E6DC4F1582FF}.Release|x86.ActiveCfg = Release|Win32
		{1D057645-3D28-45E2-906A-E6DC4F1582FF}.Release|x86.Build.0 = Release|Win32
	EndGlobalSection
	GlobalSection(SolutionProperties) = preSolution
		HideSolutionNode = FALSE
	EndGlobalSection
	GlobalSection(ExtensibilityGlobals) = postSolution
		SolutionGuid = {561BCF31-C737-4A1D-A5E9-88326944DF4E}
	EndGlobalSection
EndGlobal
